// !$*UTF8*$!
{
	archiveVersion = 1;
	classes = {
	};
	objectVersion = 46;
	objects = {

/* Begin PBXBuildFile section */
		5E4EC7BFE4A8EA17D7BC421C /* Pods_Polygrath.framework in Frameworks */ = {isa = PBXBuildFile; fileRef = ECA21D86324B26463EF8D046 /* Pods_Polygrath.framework */; settings = {ATTRIBUTES = (Weak, ); }; };
		AC06ECF41BB68BCC0087586E /* ResultQuestTableViewCell.swift in Sources */ = {isa = PBXBuildFile; fileRef = AC06ECF31BB68BCC0087586E /* ResultQuestTableViewCell.swift */; settings = {ASSET_TAGS = (); }; };
		AC06ECF61BB692C90087586E /* TitleTableViewCell.swift in Sources */ = {isa = PBXBuildFile; fileRef = AC06ECF51BB692C90087586E /* TitleTableViewCell.swift */; settings = {ASSET_TAGS = (); }; };
		AC9105E91BCFA5A100817F40 /* VideoTestViewController.swift in Sources */ = {isa = PBXBuildFile; fileRef = AC9105E81BCFA5A100817F40 /* VideoTestViewController.swift */; settings = {ASSET_TAGS = (); }; };
		ACB4E08A1BAAB6B60044EB72 /* PolyTestViewController.swift in Sources */ = {isa = PBXBuildFile; fileRef = ACB4E0891BAAB6B60044EB72 /* PolyTestViewController.swift */; settings = {ASSET_TAGS = (); }; };
		ACBC3F6D1B9EC9D7007AC186 /* AppDelegate.swift in Sources */ = {isa = PBXBuildFile; fileRef = ACBC3F6C1B9EC9D7007AC186 /* AppDelegate.swift */; };
		ACBC3F6F1B9EC9D7007AC186 /* ViewController.swift in Sources */ = {isa = PBXBuildFile; fileRef = ACBC3F6E1B9EC9D7007AC186 /* ViewController.swift */; };
		ACBC3F721B9EC9D7007AC186 /* Main.storyboard in Resources */ = {isa = PBXBuildFile; fileRef = ACBC3F701B9EC9D7007AC186 /* Main.storyboard */; };
		ACBC3F751B9EC9D7007AC186 /* Polygrath.xcdatamodeld in Sources */ = {isa = PBXBuildFile; fileRef = ACBC3F731B9EC9D7007AC186 /* Polygrath.xcdatamodeld */; };
		ACBC3F771B9EC9D7007AC186 /* Assets.xcassets in Resources */ = {isa = PBXBuildFile; fileRef = ACBC3F761B9EC9D7007AC186 /* Assets.xcassets */; };
		ACBC3F7A1B9EC9D7007AC186 /* LaunchScreen.storyboard in Resources */ = {isa = PBXBuildFile; fileRef = ACBC3F781B9EC9D7007AC186 /* LaunchScreen.storyboard */; };
		ACBC3F851B9EC9D7007AC186 /* PolygrathTests.swift in Sources */ = {isa = PBXBuildFile; fileRef = ACBC3F841B9EC9D7007AC186 /* PolygrathTests.swift */; };
		ACBC3F901B9EC9D7007AC186 /* PolygrathUITests.swift in Sources */ = {isa = PBXBuildFile; fileRef = ACBC3F8F1B9EC9D7007AC186 /* PolygrathUITests.swift */; };
		ACBC3FA31B9ECA2B007AC186 /* Interface.storyboard in Resources */ = {isa = PBXBuildFile; fileRef = ACBC3FA11B9ECA2B007AC186 /* Interface.storyboard */; };
		ACBC3FA51B9ECA2B007AC186 /* Assets.xcassets in Resources */ = {isa = PBXBuildFile; fileRef = ACBC3FA41B9ECA2B007AC186 /* Assets.xcassets */; };
		ACBC3FAC1B9ECA2B007AC186 /* Polygrath-iWatch Extension.appex in Embed App Extensions */ = {isa = PBXBuildFile; fileRef = ACBC3FAB1B9ECA2B007AC186 /* Polygrath-iWatch Extension.appex */; settings = {ATTRIBUTES = (RemoveHeadersOnCopy, ); }; };
		ACBC3FB11B9ECA2B007AC186 /* InterfaceController.swift in Sources */ = {isa = PBXBuildFile; fileRef = ACBC3FB01B9ECA2B007AC186 /* InterfaceController.swift */; };
		ACBC3FB31B9ECA2B007AC186 /* ExtensionDelegate.swift in Sources */ = {isa = PBXBuildFile; fileRef = ACBC3FB21B9ECA2B007AC186 /* ExtensionDelegate.swift */; };
		ACBC3FB51B9ECA2B007AC186 /* Assets.xcassets in Resources */ = {isa = PBXBuildFile; fileRef = ACBC3FB41B9ECA2B007AC186 /* Assets.xcassets */; };
		ACBC3FB91B9ECA2B007AC186 /* Polygrath-iWatch.app in Embed Watch Content */ = {isa = PBXBuildFile; fileRef = ACBC3F9F1B9ECA2B007AC186 /* Polygrath-iWatch.app */; };
		ACBC3FC31B9ECC65007AC186 /* TestInterfaceController.swift in Sources */ = {isa = PBXBuildFile; fileRef = ACBC3FC21B9ECC65007AC186 /* TestInterfaceController.swift */; };
		ACBC3FC61B9ED277007AC186 /* HealthKit.framework in Frameworks */ = {isa = PBXBuildFile; fileRef = ACBC3FC51B9ED277007AC186 /* HealthKit.framework */; };
		ACC81A4E1BB4E973006377F6 /* ResultViewController.swift in Sources */ = {isa = PBXBuildFile; fileRef = ACC81A4D1BB4E973006377F6 /* ResultViewController.swift */; settings = {ASSET_TAGS = (); }; };
		ACC81A501BB4FB25006377F6 /* questions.swift in Sources */ = {isa = PBXBuildFile; fileRef = ACC81A4F1BB4FB25006377F6 /* questions.swift */; settings = {ASSET_TAGS = (); }; };
		ACDE08571BA7A1BD00D3ECB7 /* FrontHeartViewController.swift in Sources */ = {isa = PBXBuildFile; fileRef = ACDE08561BA7A1BD00D3ECB7 /* FrontHeartViewController.swift */; };
		ACDE3ADE1B9F378100917E97 /* HealthKit.framework in Frameworks */ = {isa = PBXBuildFile; fileRef = ACDE3ADD1B9F378100917E97 /* HealthKit.framework */; };
/* End PBXBuildFile section */

/* Begin PBXContainerItemProxy section */
		ACBC3F811B9EC9D7007AC186 /* PBXContainerItemProxy */ = {
			isa = PBXContainerItemProxy;
			containerPortal = ACBC3F611B9EC9D7007AC186 /* Project object */;
			proxyType = 1;
			remoteGlobalIDString = ACBC3F681B9EC9D7007AC186;
			remoteInfo = Polygrath;
		};
		ACBC3F8C1B9EC9D7007AC186 /* PBXContainerItemProxy */ = {
			isa = PBXContainerItemProxy;
			containerPortal = ACBC3F611B9EC9D7007AC186 /* Project object */;
			proxyType = 1;
			remoteGlobalIDString = ACBC3F681B9EC9D7007AC186;
			remoteInfo = Polygrath;
		};
		ACBC3FAD1B9ECA2B007AC186 /* PBXContainerItemProxy */ = {
			isa = PBXContainerItemProxy;
			containerPortal = ACBC3F611B9EC9D7007AC186 /* Project object */;
			proxyType = 1;
			remoteGlobalIDString = ACBC3FAA1B9ECA2B007AC186;
			remoteInfo = "Polygrath-iWatch Extension";
		};
		ACBC3FB71B9ECA2B007AC186 /* PBXContainerItemProxy */ = {
			isa = PBXContainerItemProxy;
			containerPortal = ACBC3F611B9EC9D7007AC186 /* Project object */;
			proxyType = 1;
			remoteGlobalIDString = ACBC3F9E1B9ECA2B007AC186;
			remoteInfo = "Polygrath-iWatch";
		};
/* End PBXContainerItemProxy section */

/* Begin PBXCopyFilesBuildPhase section */
		ACBC3FBF1B9ECA2B007AC186 /* Embed App Extensions */ = {
			isa = PBXCopyFilesBuildPhase;
			buildActionMask = 2147483647;
			dstPath = "";
			dstSubfolderSpec = 13;
			files = (
				ACBC3FAC1B9ECA2B007AC186 /* Polygrath-iWatch Extension.appex in Embed App Extensions */,
			);
			name = "Embed App Extensions";
			runOnlyForDeploymentPostprocessing = 0;
		};
		ACBC3FC11B9ECA2B007AC186 /* Embed Watch Content */ = {
			isa = PBXCopyFilesBuildPhase;
			buildActionMask = 2147483647;
			dstPath = "$(CONTENTS_FOLDER_PATH)/Watch";
			dstSubfolderSpec = 16;
			files = (
				ACBC3FB91B9ECA2B007AC186 /* Polygrath-iWatch.app in Embed Watch Content */,
			);
			name = "Embed Watch Content";
			runOnlyForDeploymentPostprocessing = 0;
		};
/* End PBXCopyFilesBuildPhase section */

/* Begin PBXFileReference section */
		56B162313CA8359AF986ACF4 /* Pods-Polygrath.release.xcconfig */ = {isa = PBXFileReference; includeInIndex = 1; lastKnownFileType = text.xcconfig; name = "Pods-Polygrath.release.xcconfig"; path = "Pods/Target Support Files/Pods-Polygrath/Pods-Polygrath.release.xcconfig"; sourceTree = "<group>"; };
		631EC294364B209FAE69CA46 /* Pods-Polygrath.debug.xcconfig */ = {isa = PBXFileReference; includeInIndex = 1; lastKnownFileType = text.xcconfig; name = "Pods-Polygrath.debug.xcconfig"; path = "Pods/Target Support Files/Pods-Polygrath/Pods-Polygrath.debug.xcconfig"; sourceTree = "<group>"; };
		AC06ECF31BB68BCC0087586E /* ResultQuestTableViewCell.swift */ = {isa = PBXFileReference; fileEncoding = 4; lastKnownFileType = sourcecode.swift; path = ResultQuestTableViewCell.swift; sourceTree = "<group>"; };
		AC06ECF51BB692C90087586E /* TitleTableViewCell.swift */ = {isa = PBXFileReference; fileEncoding = 4; lastKnownFileType = sourcecode.swift; path = TitleTableViewCell.swift; sourceTree = "<group>"; };
		AC9105E81BCFA5A100817F40 /* VideoTestViewController.swift */ = {isa = PBXFileReference; fileEncoding = 4; lastKnownFileType = sourcecode.swift; path = VideoTestViewController.swift; sourceTree = "<group>"; };
		ACB4E0891BAAB6B60044EB72 /* PolyTestViewController.swift */ = {isa = PBXFileReference; fileEncoding = 4; lastKnownFileType = sourcecode.swift; path = PolyTestViewController.swift; sourceTree = "<group>"; };
		ACBC3F691B9EC9D7007AC186 /* Polygrath.app */ = {isa = PBXFileReference; explicitFileType = wrapper.application; includeInIndex = 0; path = Polygrath.app; sourceTree = BUILT_PRODUCTS_DIR; };
		ACBC3F6C1B9EC9D7007AC186 /* AppDelegate.swift */ = {isa = PBXFileReference; lastKnownFileType = sourcecode.swift; path = AppDelegate.swift; sourceTree = "<group>"; };
		ACBC3F6E1B9EC9D7007AC186 /* ViewController.swift */ = {isa = PBXFileReference; lastKnownFileType = sourcecode.swift; path = ViewController.swift; sourceTree = "<group>"; };
		ACBC3F711B9EC9D7007AC186 /* Base */ = {isa = PBXFileReference; lastKnownFileType = file.storyboard; name = Base; path = Base.lproj/Main.storyboard; sourceTree = "<group>"; };
		ACBC3F741B9EC9D7007AC186 /* Polygrath.xcdatamodel */ = {isa = PBXFileReference; lastKnownFileType = wrapper.xcdatamodel; path = Polygrath.xcdatamodel; sourceTree = "<group>"; };
		ACBC3F761B9EC9D7007AC186 /* Assets.xcassets */ = {isa = PBXFileReference; lastKnownFileType = folder.assetcatalog; path = Assets.xcassets; sourceTree = "<group>"; };
		ACBC3F791B9EC9D7007AC186 /* Base */ = {isa = PBXFileReference; lastKnownFileType = file.storyboard; name = Base; path = Base.lproj/LaunchScreen.storyboard; sourceTree = "<group>"; };
		ACBC3F7B1B9EC9D7007AC186 /* Info.plist */ = {isa = PBXFileReference; lastKnownFileType = text.plist.xml; path = Info.plist; sourceTree = "<group>"; };
		ACBC3F801B9EC9D7007AC186 /* PolygrathTests.xctest */ = {isa = PBXFileReference; explicitFileType = wrapper.cfbundle; includeInIndex = 0; path = PolygrathTests.xctest; sourceTree = BUILT_PRODUCTS_DIR; };
		ACBC3F841B9EC9D7007AC186 /* PolygrathTests.swift */ = {isa = PBXFileReference; lastKnownFileType = sourcecode.swift; path = PolygrathTests.swift; sourceTree = "<group>"; };
		ACBC3F861B9EC9D7007AC186 /* Info.plist */ = {isa = PBXFileReference; lastKnownFileType = text.plist.xml; path = Info.plist; sourceTree = "<group>"; };
		ACBC3F8B1B9EC9D7007AC186 /* PolygrathUITests.xctest */ = {isa = PBXFileReference; explicitFileType = wrapper.cfbundle; includeInIndex = 0; path = PolygrathUITests.xctest; sourceTree = BUILT_PRODUCTS_DIR; };
		ACBC3F8F1B9EC9D7007AC186 /* PolygrathUITests.swift */ = {isa = PBXFileReference; lastKnownFileType = sourcecode.swift; path = PolygrathUITests.swift; sourceTree = "<group>"; };
		ACBC3F911B9EC9D7007AC186 /* Info.plist */ = {isa = PBXFileReference; lastKnownFileType = text.plist.xml; path = Info.plist; sourceTree = "<group>"; };
		ACBC3F9F1B9ECA2B007AC186 /* Polygrath-iWatch.app */ = {isa = PBXFileReference; explicitFileType = wrapper.application; includeInIndex = 0; path = "Polygrath-iWatch.app"; sourceTree = BUILT_PRODUCTS_DIR; };
		ACBC3FA21B9ECA2B007AC186 /* Base */ = {isa = PBXFileReference; lastKnownFileType = file.storyboard; name = Base; path = Base.lproj/Interface.storyboard; sourceTree = "<group>"; };
		ACBC3FA41B9ECA2B007AC186 /* Assets.xcassets */ = {isa = PBXFileReference; lastKnownFileType = folder.assetcatalog; path = Assets.xcassets; sourceTree = "<group>"; };
		ACBC3FA61B9ECA2B007AC186 /* Info.plist */ = {isa = PBXFileReference; lastKnownFileType = text.plist.xml; path = Info.plist; sourceTree = "<group>"; };
		ACBC3FAB1B9ECA2B007AC186 /* Polygrath-iWatch Extension.appex */ = {isa = PBXFileReference; explicitFileType = "wrapper.app-extension"; includeInIndex = 0; path = "Polygrath-iWatch Extension.appex"; sourceTree = BUILT_PRODUCTS_DIR; };
		ACBC3FB01B9ECA2B007AC186 /* InterfaceController.swift */ = {isa = PBXFileReference; lastKnownFileType = sourcecode.swift; path = InterfaceController.swift; sourceTree = "<group>"; };
		ACBC3FB21B9ECA2B007AC186 /* ExtensionDelegate.swift */ = {isa = PBXFileReference; lastKnownFileType = sourcecode.swift; path = ExtensionDelegate.swift; sourceTree = "<group>"; };
		ACBC3FB41B9ECA2B007AC186 /* Assets.xcassets */ = {isa = PBXFileReference; lastKnownFileType = folder.assetcatalog; path = Assets.xcassets; sourceTree = "<group>"; };
		ACBC3FB61B9ECA2B007AC186 /* Info.plist */ = {isa = PBXFileReference; lastKnownFileType = text.plist.xml; path = Info.plist; sourceTree = "<group>"; };
		ACBC3FC21B9ECC65007AC186 /* TestInterfaceController.swift */ = {isa = PBXFileReference; fileEncoding = 4; lastKnownFileType = sourcecode.swift; path = TestInterfaceController.swift; sourceTree = "<group>"; };
		ACBC3FC41B9ED26D007AC186 /* Polygrath-iWatch Extension.entitlements */ = {isa = PBXFileReference; lastKnownFileType = text.xml; path = "Polygrath-iWatch Extension.entitlements"; sourceTree = "<group>"; };
		ACBC3FC51B9ED277007AC186 /* HealthKit.framework */ = {isa = PBXFileReference; lastKnownFileType = wrapper.framework; name = HealthKit.framework; path = Platforms/WatchOS.platform/Developer/SDKs/WatchOS2.0.sdk/System/Library/Frameworks/HealthKit.framework; sourceTree = DEVELOPER_DIR; };
		ACC81A4D1BB4E973006377F6 /* ResultViewController.swift */ = {isa = PBXFileReference; fileEncoding = 4; lastKnownFileType = sourcecode.swift; path = ResultViewController.swift; sourceTree = "<group>"; };
		ACC81A4F1BB4FB25006377F6 /* questions.swift */ = {isa = PBXFileReference; fileEncoding = 4; lastKnownFileType = sourcecode.swift; path = questions.swift; sourceTree = "<group>"; };
		ACDE08561BA7A1BD00D3ECB7 /* FrontHeartViewController.swift */ = {isa = PBXFileReference; fileEncoding = 4; lastKnownFileType = sourcecode.swift; path = FrontHeartViewController.swift; sourceTree = "<group>"; };
		ACDE3ADC1B9F378000917E97 /* Polygrath.entitlements */ = {isa = PBXFileReference; lastKnownFileType = text.xml; path = Polygrath.entitlements; sourceTree = "<group>"; };
		ACDE3ADD1B9F378100917E97 /* HealthKit.framework */ = {isa = PBXFileReference; lastKnownFileType = wrapper.framework; name = HealthKit.framework; path = System/Library/Frameworks/HealthKit.framework; sourceTree = SDKROOT; };
		ACDE3ADF1B9F379100917E97 /* Polygrath-iWatch.entitlements */ = {isa = PBXFileReference; lastKnownFileType = text.xml; path = "Polygrath-iWatch.entitlements"; sourceTree = "<group>"; };
		ECA21D86324B26463EF8D046 /* Pods_Polygrath.framework */ = {isa = PBXFileReference; explicitFileType = wrapper.framework; includeInIndex = 0; path = Pods_Polygrath.framework; sourceTree = BUILT_PRODUCTS_DIR; };
/* End PBXFileReference section */

/* Begin PBXFrameworksBuildPhase section */
		ACBC3F661B9EC9D7007AC186 /* Frameworks */ = {
			isa = PBXFrameworksBuildPhase;
			buildActionMask = 2147483647;
			files = (
				ACDE3ADE1B9F378100917E97 /* HealthKit.framework in Frameworks */,
				5E4EC7BFE4A8EA17D7BC421C /* Pods_Polygrath.framework in Frameworks */,
			);
			runOnlyForDeploymentPostprocessing = 0;
		};
		ACBC3F7D1B9EC9D7007AC186 /* Frameworks */ = {
			isa = PBXFrameworksBuildPhase;
			buildActionMask = 2147483647;
			files = (
			);
			runOnlyForDeploymentPostprocessing = 0;
		};
		ACBC3F881B9EC9D7007AC186 /* Frameworks */ = {
			isa = PBXFrameworksBuildPhase;
			buildActionMask = 2147483647;
			files = (
			);
			runOnlyForDeploymentPostprocessing = 0;
		};
		ACBC3FA81B9ECA2B007AC186 /* Frameworks */ = {
			isa = PBXFrameworksBuildPhase;
			buildActionMask = 2147483647;
			files = (
				ACBC3FC61B9ED277007AC186 /* HealthKit.framework in Frameworks */,
			);
			runOnlyForDeploymentPostprocessing = 0;
		};
/* End PBXFrameworksBuildPhase section */

/* Begin PBXGroup section */
		4A2FDE4EA48429FC655A26BB /* Frameworks */ = {
			isa = PBXGroup;
			children = (
				ECA21D86324B26463EF8D046 /* Pods_Polygrath.framework */,
			);
			name = Frameworks;
			sourceTree = "<group>";
		};
		8062B276929F129310B87F4D /* Pods */ = {
			isa = PBXGroup;
			children = (
				631EC294364B209FAE69CA46 /* Pods-Polygrath.debug.xcconfig */,
				56B162313CA8359AF986ACF4 /* Pods-Polygrath.release.xcconfig */,
			);
			name = Pods;
			sourceTree = "<group>";
		};
		ACBC3F601B9EC9D7007AC186 = {
			isa = PBXGroup;
			children = (
				ACDE3ADD1B9F378100917E97 /* HealthKit.framework */,
				ACBC3FC51B9ED277007AC186 /* HealthKit.framework */,
				ACBC3F6B1B9EC9D7007AC186 /* Polygrath */,
				ACBC3F831B9EC9D7007AC186 /* PolygrathTests */,
				ACBC3F8E1B9EC9D7007AC186 /* PolygrathUITests */,
				ACBC3FA01B9ECA2B007AC186 /* Polygrath-iWatch */,
				ACBC3FAF1B9ECA2B007AC186 /* Polygrath-iWatch Extension */,
				ACBC3F6A1B9EC9D7007AC186 /* Products */,
				8062B276929F129310B87F4D /* Pods */,
				4A2FDE4EA48429FC655A26BB /* Frameworks */,
			);
			sourceTree = "<group>";
		};
		ACBC3F6A1B9EC9D7007AC186 /* Products */ = {
			isa = PBXGroup;
			children = (
				ACBC3F691B9EC9D7007AC186 /* Polygrath.app */,
				ACBC3F801B9EC9D7007AC186 /* PolygrathTests.xctest */,
				ACBC3F8B1B9EC9D7007AC186 /* PolygrathUITests.xctest */,
				ACBC3F9F1B9ECA2B007AC186 /* Polygrath-iWatch.app */,
				ACBC3FAB1B9ECA2B007AC186 /* Polygrath-iWatch Extension.appex */,
			);
			name = Products;
			sourceTree = "<group>";
		};
		ACBC3F6B1B9EC9D7007AC186 /* Polygrath */ = {
			isa = PBXGroup;
			children = (
				ACDE3ADC1B9F378000917E97 /* Polygrath.entitlements */,
				ACBC3F6C1B9EC9D7007AC186 /* AppDelegate.swift */,
				ACBC3F6E1B9EC9D7007AC186 /* ViewController.swift */,
				AC9105E81BCFA5A100817F40 /* VideoTestViewController.swift */,
				ACDE08561BA7A1BD00D3ECB7 /* FrontHeartViewController.swift */,
				ACB4E0891BAAB6B60044EB72 /* PolyTestViewController.swift */,
				ACBC3F701B9EC9D7007AC186 /* Main.storyboard */,
				AC06ECF31BB68BCC0087586E /* ResultQuestTableViewCell.swift */,
				AC06ECF51BB692C90087586E /* TitleTableViewCell.swift */,
				ACC81A4D1BB4E973006377F6 /* ResultViewController.swift */,
				ACC81A4F1BB4FB25006377F6 /* questions.swift */,
				ACBC3F761B9EC9D7007AC186 /* Assets.xcassets */,
				ACBC3F781B9EC9D7007AC186 /* LaunchScreen.storyboard */,
				ACBC3F7B1B9EC9D7007AC186 /* Info.plist */,
				ACBC3F731B9EC9D7007AC186 /* Polygrath.xcdatamodeld */,
			);
			path = Polygrath;
			sourceTree = "<group>";
		};
		ACBC3F831B9EC9D7007AC186 /* PolygrathTests */ = {
			isa = PBXGroup;
			children = (
				ACBC3F841B9EC9D7007AC186 /* PolygrathTests.swift */,
				ACBC3F861B9EC9D7007AC186 /* Info.plist */,
			);
			path = PolygrathTests;
			sourceTree = "<group>";
		};
		ACBC3F8E1B9EC9D7007AC186 /* PolygrathUITests */ = {
			isa = PBXGroup;
			children = (
				ACBC3F8F1B9EC9D7007AC186 /* PolygrathUITests.swift */,
				ACBC3F911B9EC9D7007AC186 /* Info.plist */,
			);
			path = PolygrathUITests;
			sourceTree = "<group>";
		};
		ACBC3FA01B9ECA2B007AC186 /* Polygrath-iWatch */ = {
			isa = PBXGroup;
			children = (
				ACDE3ADF1B9F379100917E97 /* Polygrath-iWatch.entitlements */,
				ACBC3FA11B9ECA2B007AC186 /* Interface.storyboard */,
				ACBC3FA41B9ECA2B007AC186 /* Assets.xcassets */,
				ACBC3FA61B9ECA2B007AC186 /* Info.plist */,
			);
			path = "Polygrath-iWatch";
			sourceTree = "<group>";
		};
		ACBC3FAF1B9ECA2B007AC186 /* Polygrath-iWatch Extension */ = {
			isa = PBXGroup;
			children = (
				ACBC3FC41B9ED26D007AC186 /* Polygrath-iWatch Extension.entitlements */,
				ACBC3FB01B9ECA2B007AC186 /* InterfaceController.swift */,
				ACBC3FC21B9ECC65007AC186 /* TestInterfaceController.swift */,
				ACBC3FB21B9ECA2B007AC186 /* ExtensionDelegate.swift */,
				ACBC3FB41B9ECA2B007AC186 /* Assets.xcassets */,
				ACBC3FB61B9ECA2B007AC186 /* Info.plist */,
			);
			path = "Polygrath-iWatch Extension";
			sourceTree = "<group>";
		};
/* End PBXGroup section */

/* Begin PBXNativeTarget section */
		ACBC3F681B9EC9D7007AC186 /* Polygrath */ = {
			isa = PBXNativeTarget;
			buildConfigurationList = ACBC3F941B9EC9D7007AC186 /* Build configuration list for PBXNativeTarget "Polygrath" */;
			buildPhases = (
				7AC422A1C5D4D728414CBAC0 /* Check Pods Manifest.lock */,
				ACBC3F651B9EC9D7007AC186 /* Sources */,
				ACBC3F661B9EC9D7007AC186 /* Frameworks */,
				ACBC3F671B9EC9D7007AC186 /* Resources */,
				ACBC3FC11B9ECA2B007AC186 /* Embed Watch Content */,
				89CFD6CDB8383198EBD4F24E /* Copy Pods Resources */,
				393E26ADC2114C389E0B99E2 /* Embed Pods Frameworks */,
			);
			buildRules = (
			);
			dependencies = (
				ACBC3FB81B9ECA2B007AC186 /* PBXTargetDependency */,
			);
			name = Polygrath;
			productName = Polygrath;
			productReference = ACBC3F691B9EC9D7007AC186 /* Polygrath.app */;
			productType = "com.apple.product-type.application";
		};
		ACBC3F7F1B9EC9D7007AC186 /* PolygrathTests */ = {
			isa = PBXNativeTarget;
			buildConfigurationList = ACBC3F971B9EC9D7007AC186 /* Build configuration list for PBXNativeTarget "PolygrathTests" */;
			buildPhases = (
				ACBC3F7C1B9EC9D7007AC186 /* Sources */,
				ACBC3F7D1B9EC9D7007AC186 /* Frameworks */,
				ACBC3F7E1B9EC9D7007AC186 /* Resources */,
			);
			buildRules = (
			);
			dependencies = (
				ACBC3F821B9EC9D7007AC186 /* PBXTargetDependency */,
			);
			name = PolygrathTests;
			productName = PolygrathTests;
			productReference = ACBC3F801B9EC9D7007AC186 /* PolygrathTests.xctest */;
			productType = "com.apple.product-type.bundle.unit-test";
		};
		ACBC3F8A1B9EC9D7007AC186 /* PolygrathUITests */ = {
			isa = PBXNativeTarget;
			buildConfigurationList = ACBC3F9A1B9EC9D7007AC186 /* Build configuration list for PBXNativeTarget "PolygrathUITests" */;
			buildPhases = (
				ACBC3F871B9EC9D7007AC186 /* Sources */,
				ACBC3F881B9EC9D7007AC186 /* Frameworks */,
				ACBC3F891B9EC9D7007AC186 /* Resources */,
			);
			buildRules = (
			);
			dependencies = (
				ACBC3F8D1B9EC9D7007AC186 /* PBXTargetDependency */,
			);
			name = PolygrathUITests;
			productName = PolygrathUITests;
			productReference = ACBC3F8B1B9EC9D7007AC186 /* PolygrathUITests.xctest */;
			productType = "com.apple.product-type.bundle.ui-testing";
		};
		ACBC3F9E1B9ECA2B007AC186 /* Polygrath-iWatch */ = {
			isa = PBXNativeTarget;
			buildConfigurationList = ACBC3FC01B9ECA2B007AC186 /* Build configuration list for PBXNativeTarget "Polygrath-iWatch" */;
			buildPhases = (
				ACBC3F9D1B9ECA2B007AC186 /* Resources */,
				ACBC3FBF1B9ECA2B007AC186 /* Embed App Extensions */,
			);
			buildRules = (
			);
			dependencies = (
				ACBC3FAE1B9ECA2B007AC186 /* PBXTargetDependency */,
			);
			name = "Polygrath-iWatch";
			productName = "Polygrath-iWatch";
			productReference = ACBC3F9F1B9ECA2B007AC186 /* Polygrath-iWatch.app */;
			productType = "com.apple.product-type.application.watchapp2";
		};
		ACBC3FAA1B9ECA2B007AC186 /* Polygrath-iWatch Extension */ = {
			isa = PBXNativeTarget;
			buildConfigurationList = ACBC3FBE1B9ECA2B007AC186 /* Build configuration list for PBXNativeTarget "Polygrath-iWatch Extension" */;
			buildPhases = (
				ACBC3FA71B9ECA2B007AC186 /* Sources */,
				ACBC3FA81B9ECA2B007AC186 /* Frameworks */,
				ACBC3FA91B9ECA2B007AC186 /* Resources */,
			);
			buildRules = (
			);
			dependencies = (
			);
			name = "Polygrath-iWatch Extension";
			productName = "Polygrath-iWatch Extension";
			productReference = ACBC3FAB1B9ECA2B007AC186 /* Polygrath-iWatch Extension.appex */;
			productType = "com.apple.product-type.watchkit2-extension";
		};
/* End PBXNativeTarget section */

/* Begin PBXProject section */
		ACBC3F611B9EC9D7007AC186 /* Project object */ = {
			isa = PBXProject;
			attributes = {
				LastSwiftMigration = 0700;
				LastSwiftUpdateCheck = 0700;
				LastUpgradeCheck = 0700;
				ORGANIZATIONNAME = "陳冠宇";
				TargetAttributes = {
					ACBC3F681B9EC9D7007AC186 = {
						CreatedOnToolsVersion = 7.0;
						DevelopmentTeam = Z2U36UFBHG;
						SystemCapabilities = {
							com.apple.ApplicationGroups.iOS = {
								enabled = 1;
							};
							com.apple.HealthKit = {
								enabled = 1;
							};
						};
					};
					ACBC3F7F1B9EC9D7007AC186 = {
						CreatedOnToolsVersion = 7.0;
						TestTargetID = ACBC3F681B9EC9D7007AC186;
					};
					ACBC3F8A1B9EC9D7007AC186 = {
						CreatedOnToolsVersion = 7.0;
						TestTargetID = ACBC3F681B9EC9D7007AC186;
					};
					ACBC3F9E1B9ECA2B007AC186 = {
						CreatedOnToolsVersion = 7.0;
						DevelopmentTeam = Z2U36UFBHG;
						SystemCapabilities = {
							com.apple.ApplicationGroups.iOS = {
								enabled = 1;
							};
						};
					};
					ACBC3FAA1B9ECA2B007AC186 = {
						CreatedOnToolsVersion = 7.0;
						DevelopmentTeam = Z2U36UFBHG;
						SystemCapabilities = {
							com.apple.ApplicationGroups.iOS = {
								enabled = 1;
							};
							com.apple.HealthKit = {
								enabled = 1;
							};
						};
					};
				};
			};
			buildConfigurationList = ACBC3F641B9EC9D7007AC186 /* Build configuration list for PBXProject "Polygrath" */;
			compatibilityVersion = "Xcode 3.2";
			developmentRegion = English;
			hasScannedForEncodings = 0;
			knownRegions = (
				en,
				Base,
			);
			mainGroup = ACBC3F601B9EC9D7007AC186;
			productRefGroup = ACBC3F6A1B9EC9D7007AC186 /* Products */;
			projectDirPath = "";
			projectRoot = "";
			targets = (
				ACBC3F681B9EC9D7007AC186 /* Polygrath */,
				ACBC3F7F1B9EC9D7007AC186 /* PolygrathTests */,
				ACBC3F8A1B9EC9D7007AC186 /* PolygrathUITests */,
				ACBC3F9E1B9ECA2B007AC186 /* Polygrath-iWatch */,
				ACBC3FAA1B9ECA2B007AC186 /* Polygrath-iWatch Extension */,
			);
		};
/* End PBXProject section */

/* Begin PBXResourcesBuildPhase section */
		ACBC3F671B9EC9D7007AC186 /* Resources */ = {
			isa = PBXResourcesBuildPhase;
			buildActionMask = 2147483647;
			files = (
				ACBC3F7A1B9EC9D7007AC186 /* LaunchScreen.storyboard in Resources */,
				ACBC3F771B9EC9D7007AC186 /* Assets.xcassets in Resources */,
				ACBC3F721B9EC9D7007AC186 /* Main.storyboard in Resources */,
			);
			runOnlyForDeploymentPostprocessing = 0;
		};
		ACBC3F7E1B9EC9D7007AC186 /* Resources */ = {
			isa = PBXResourcesBuildPhase;
			buildActionMask = 2147483647;
			files = (
			);
			runOnlyForDeploymentPostprocessing = 0;
		};
		ACBC3F891B9EC9D7007AC186 /* Resources */ = {
			isa = PBXResourcesBuildPhase;
			buildActionMask = 2147483647;
			files = (
			);
			runOnlyForDeploymentPostprocessing = 0;
		};
		ACBC3F9D1B9ECA2B007AC186 /* Resources */ = {
			isa = PBXResourcesBuildPhase;
			buildActionMask = 2147483647;
			files = (
				ACBC3FA51B9ECA2B007AC186 /* Assets.xcassets in Resources */,
				ACBC3FA31B9ECA2B007AC186 /* Interface.storyboard in Resources */,
			);
			runOnlyForDeploymentPostprocessing = 0;
		};
		ACBC3FA91B9ECA2B007AC186 /* Resources */ = {
			isa = PBXResourcesBuildPhase;
			buildActionMask = 2147483647;
			files = (
				ACBC3FB51B9ECA2B007AC186 /* Assets.xcassets in Resources */,
			);
			runOnlyForDeploymentPostprocessing = 0;
		};
/* End PBXResourcesBuildPhase section */

/* Begin PBXShellScriptBuildPhase section */
		393E26ADC2114C389E0B99E2 /* Embed Pods Frameworks */ = {
			isa = PBXShellScriptBuildPhase;
			buildActionMask = 2147483647;
			files = (
			);
			inputPaths = (
			);
			name = "Embed Pods Frameworks";
			outputPaths = (
			);
			runOnlyForDeploymentPostprocessing = 0;
			shellPath = /bin/sh;
			shellScript = "\"${SRCROOT}/Pods/Target Support Files/Pods-Polygrath/Pods-Polygrath-frameworks.sh\"\n";
			showEnvVarsInLog = 0;
		};
		7AC422A1C5D4D728414CBAC0 /* Check Pods Manifest.lock */ = {
			isa = PBXShellScriptBuildPhase;
			buildActionMask = 2147483647;
			files = (
			);
			inputPaths = (
			);
			name = "Check Pods Manifest.lock";
			outputPaths = (
			);
			runOnlyForDeploymentPostprocessing = 0;
			shellPath = /bin/sh;
			shellScript = "diff \"${PODS_ROOT}/../Podfile.lock\" \"${PODS_ROOT}/Manifest.lock\" > /dev/null\nif [[ $? != 0 ]] ; then\n    cat << EOM\nerror: The sandbox is not in sync with the Podfile.lock. Run 'pod install' or update your CocoaPods installation.\nEOM\n    exit 1\nfi\n";
			showEnvVarsInLog = 0;
		};
		89CFD6CDB8383198EBD4F24E /* Copy Pods Resources */ = {
			isa = PBXShellScriptBuildPhase;
			buildActionMask = 2147483647;
			files = (
			);
			inputPaths = (
			);
			name = "Copy Pods Resources";
			outputPaths = (
			);
			runOnlyForDeploymentPostprocessing = 0;
			shellPath = /bin/sh;
			shellScript = "\"${SRCROOT}/Pods/Target Support Files/Pods-Polygrath/Pods-Polygrath-resources.sh\"\n";
			showEnvVarsInLog = 0;
		};
/* End PBXShellScriptBuildPhase section */

/* Begin PBXSourcesBuildPhase section */
		ACBC3F651B9EC9D7007AC186 /* Sources */ = {
			isa = PBXSourcesBuildPhase;
			buildActionMask = 2147483647;
			files = (
				ACBC3F6F1B9EC9D7007AC186 /* ViewController.swift in Sources */,
				ACDE08571BA7A1BD00D3ECB7 /* FrontHeartViewController.swift in Sources */,
				ACBC3F6D1B9EC9D7007AC186 /* AppDelegate.swift in Sources */,
				ACB4E08A1BAAB6B60044EB72 /* PolyTestViewController.swift in Sources */,
				ACC81A501BB4FB25006377F6 /* questions.swift in Sources */,
				AC06ECF41BB68BCC0087586E /* ResultQuestTableViewCell.swift in Sources */,
				AC9105E91BCFA5A100817F40 /* VideoTestViewController.swift in Sources */,
				ACBC3F751B9EC9D7007AC186 /* Polygrath.xcdatamodeld in Sources */,
				AC06ECF61BB692C90087586E /* TitleTableViewCell.swift in Sources */,
				ACC81A4E1BB4E973006377F6 /* ResultViewController.swift in Sources */,
			);
			runOnlyForDeploymentPostprocessing = 0;
		};
		ACBC3F7C1B9EC9D7007AC186 /* Sources */ = {
			isa = PBXSourcesBuildPhase;
			buildActionMask = 2147483647;
			files = (
				ACBC3F851B9EC9D7007AC186 /* PolygrathTests.swift in Sources */,
			);
			runOnlyForDeploymentPostprocessing = 0;
		};
		ACBC3F871B9EC9D7007AC186 /* Sources */ = {
			isa = PBXSourcesBuildPhase;
			buildActionMask = 2147483647;
			files = (
				ACBC3F901B9EC9D7007AC186 /* PolygrathUITests.swift in Sources */,
			);
			runOnlyForDeploymentPostprocessing = 0;
		};
		ACBC3FA71B9ECA2B007AC186 /* Sources */ = {
			isa = PBXSourcesBuildPhase;
			buildActionMask = 2147483647;
			files = (
				ACBC3FB31B9ECA2B007AC186 /* ExtensionDelegate.swift in Sources */,
				ACBC3FC31B9ECC65007AC186 /* TestInterfaceController.swift in Sources */,
				ACBC3FB11B9ECA2B007AC186 /* InterfaceController.swift in Sources */,
			);
			runOnlyForDeploymentPostprocessing = 0;
		};
/* End PBXSourcesBuildPhase section */

/* Begin PBXTargetDependency section */
		ACBC3F821B9EC9D7007AC186 /* PBXTargetDependency */ = {
			isa = PBXTargetDependency;
			target = ACBC3F681B9EC9D7007AC186 /* Polygrath */;
			targetProxy = ACBC3F811B9EC9D7007AC186 /* PBXContainerItemProxy */;
		};
		ACBC3F8D1B9EC9D7007AC186 /* PBXTargetDependency */ = {
			isa = PBXTargetDependency;
			target = ACBC3F681B9EC9D7007AC186 /* Polygrath */;
			targetProxy = ACBC3F8C1B9EC9D7007AC186 /* PBXContainerItemProxy */;
		};
		ACBC3FAE1B9ECA2B007AC186 /* PBXTargetDependency */ = {
			isa = PBXTargetDependency;
			target = ACBC3FAA1B9ECA2B007AC186 /* Polygrath-iWatch Extension */;
			targetProxy = ACBC3FAD1B9ECA2B007AC186 /* PBXContainerItemProxy */;
		};
		ACBC3FB81B9ECA2B007AC186 /* PBXTargetDependency */ = {
			isa = PBXTargetDependency;
			target = ACBC3F9E1B9ECA2B007AC186 /* Polygrath-iWatch */;
			targetProxy = ACBC3FB71B9ECA2B007AC186 /* PBXContainerItemProxy */;
		};
/* End PBXTargetDependency section */

/* Begin PBXVariantGroup section */
		ACBC3F701B9EC9D7007AC186 /* Main.storyboard */ = {
			isa = PBXVariantGroup;
			children = (
				ACBC3F711B9EC9D7007AC186 /* Base */,
			);
			name = Main.storyboard;
			sourceTree = "<group>";
		};
		ACBC3F781B9EC9D7007AC186 /* LaunchScreen.storyboard */ = {
			isa = PBXVariantGroup;
			children = (
				ACBC3F791B9EC9D7007AC186 /* Base */,
			);
			name = LaunchScreen.storyboard;
			sourceTree = "<group>";
		};
		ACBC3FA11B9ECA2B007AC186 /* Interface.storyboard */ = {
			isa = PBXVariantGroup;
			children = (
				ACBC3FA21B9ECA2B007AC186 /* Base */,
			);
			name = Interface.storyboard;
			sourceTree = "<group>";
		};
/* End PBXVariantGroup section */

/* Begin XCBuildConfiguration section */
		ACBC3F921B9EC9D7007AC186 /* Debug */ = {
			isa = XCBuildConfiguration;
			buildSettings = {
				ALWAYS_SEARCH_USER_PATHS = NO;
				CLANG_CXX_LANGUAGE_STANDARD = "gnu++0x";
				CLANG_CXX_LIBRARY = "libc++";
				CLANG_ENABLE_MODULES = YES;
				CLANG_ENABLE_OBJC_ARC = YES;
				CLANG_WARN_BOOL_CONVERSION = YES;
				CLANG_WARN_CONSTANT_CONVERSION = YES;
				CLANG_WARN_DIRECT_OBJC_ISA_USAGE = YES_ERROR;
				CLANG_WARN_EMPTY_BODY = YES;
				CLANG_WARN_ENUM_CONVERSION = YES;
				CLANG_WARN_INT_CONVERSION = YES;
				CLANG_WARN_OBJC_ROOT_CLASS = YES_ERROR;
				CLANG_WARN_UNREACHABLE_CODE = YES;
				CLANG_WARN__DUPLICATE_METHOD_MATCH = YES;
				"CODE_SIGN_IDENTITY[sdk=iphoneos*]" = "iPhone Developer";
				COPY_PHASE_STRIP = NO;
				DEBUG_INFORMATION_FORMAT = dwarf;
				ENABLE_STRICT_OBJC_MSGSEND = YES;
				ENABLE_TESTABILITY = YES;
				GCC_C_LANGUAGE_STANDARD = gnu99;
				GCC_DYNAMIC_NO_PIC = NO;
				GCC_NO_COMMON_BLOCKS = YES;
				GCC_OPTIMIZATION_LEVEL = 0;
				GCC_PREPROCESSOR_DEFINITIONS = (
					"DEBUG=1",
					"$(inherited)",
				);
				GCC_WARN_64_TO_32_BIT_CONVERSION = YES;
				GCC_WARN_ABOUT_RETURN_TYPE = YES_ERROR;
				GCC_WARN_UNDECLARED_SELECTOR = YES;
				GCC_WARN_UNINITIALIZED_AUTOS = YES_AGGRESSIVE;
				GCC_WARN_UNUSED_FUNCTION = YES;
				GCC_WARN_UNUSED_VARIABLE = YES;
				IPHONEOS_DEPLOYMENT_TARGET = 9.0;
				MTL_ENABLE_DEBUG_INFO = YES;
				ONLY_ACTIVE_ARCH = YES;
				SDKROOT = iphoneos;
				SWIFT_OPTIMIZATION_LEVEL = "-Onone";
				TARGETED_DEVICE_FAMILY = "1,2";
			};
			name = Debug;
		};
		ACBC3F931B9EC9D7007AC186 /* Release */ = {
			isa = XCBuildConfiguration;
			buildSettings = {
				ALWAYS_SEARCH_USER_PATHS = NO;
				CLANG_CXX_LANGUAGE_STANDARD = "gnu++0x";
				CLANG_CXX_LIBRARY = "libc++";
				CLANG_ENABLE_MODULES = YES;
				CLANG_ENABLE_OBJC_ARC = YES;
				CLANG_WARN_BOOL_CONVERSION = YES;
				CLANG_WARN_CONSTANT_CONVERSION = YES;
				CLANG_WARN_DIRECT_OBJC_ISA_USAGE = YES_ERROR;
				CLANG_WARN_EMPTY_BODY = YES;
				CLANG_WARN_ENUM_CONVERSION = YES;
				CLANG_WARN_INT_CONVERSION = YES;
				CLANG_WARN_OBJC_ROOT_CLASS = YES_ERROR;
				CLANG_WARN_UNREACHABLE_CODE = YES;
				CLANG_WARN__DUPLICATE_METHOD_MATCH = YES;
				"CODE_SIGN_IDENTITY[sdk=iphoneos*]" = "iPhone Developer";
				COPY_PHASE_STRIP = NO;
				DEBUG_INFORMATION_FORMAT = "dwarf-with-dsym";
				ENABLE_NS_ASSERTIONS = NO;
				ENABLE_STRICT_OBJC_MSGSEND = YES;
				GCC_C_LANGUAGE_STANDARD = gnu99;
				GCC_NO_COMMON_BLOCKS = YES;
				GCC_WARN_64_TO_32_BIT_CONVERSION = YES;
				GCC_WARN_ABOUT_RETURN_TYPE = YES_ERROR;
				GCC_WARN_UNDECLARED_SELECTOR = YES;
				GCC_WARN_UNINITIALIZED_AUTOS = YES_AGGRESSIVE;
				GCC_WARN_UNUSED_FUNCTION = YES;
				GCC_WARN_UNUSED_VARIABLE = YES;
				IPHONEOS_DEPLOYMENT_TARGET = 9.0;
				MTL_ENABLE_DEBUG_INFO = NO;
				SDKROOT = iphoneos;
				TARGETED_DEVICE_FAMILY = "1,2";
				VALIDATE_PRODUCT = YES;
			};
			name = Release;
		};
		ACBC3F951B9EC9D7007AC186 /* Debug */ = {
			isa = XCBuildConfiguration;
			baseConfigurationReference = 631EC294364B209FAE69CA46 /* Pods-Polygrath.debug.xcconfig */;
			buildSettings = {
				ASSETCATALOG_COMPILER_APPICON_NAME = AppIcon;
				CODE_SIGN_ENTITLEMENTS = Polygrath/Polygrath.entitlements;
				CODE_SIGN_IDENTITY = "iPhone Developer";
				"CODE_SIGN_IDENTITY[sdk=iphoneos*]" = "iPhone Developer";
				INFOPLIST_FILE = Polygrath/Info.plist;
				LD_RUNPATH_SEARCH_PATHS = "$(inherited) @executable_path/Frameworks";
				PRODUCT_BUNDLE_IDENTIFIER = Morpheus.Polygrath;
				PRODUCT_NAME = "$(TARGET_NAME)";
				PROVISIONING_PROFILE = "";
				SWIFT_OBJC_BRIDGING_HEADER = "";
			};
			name = Debug;
		};
		ACBC3F961B9EC9D7007AC186 /* Release */ = {
			isa = XCBuildConfiguration;
			baseConfigurationReference = 56B162313CA8359AF986ACF4 /* Pods-Polygrath.release.xcconfig */;
			buildSettings = {
				ASSETCATALOG_COMPILER_APPICON_NAME = AppIcon;
				CODE_SIGN_ENTITLEMENTS = Polygrath/Polygrath.entitlements;
				CODE_SIGN_IDENTITY = "iPhone Developer";
				"CODE_SIGN_IDENTITY[sdk=iphoneos*]" = "iPhone Developer";
				INFOPLIST_FILE = Polygrath/Info.plist;
				LD_RUNPATH_SEARCH_PATHS = "$(inherited) @executable_path/Frameworks";
				PRODUCT_BUNDLE_IDENTIFIER = Morpheus.Polygrath;
				PRODUCT_NAME = "$(TARGET_NAME)";
				PROVISIONING_PROFILE = "";
				SWIFT_OBJC_BRIDGING_HEADER = "";
			};
			name = Release;
		};
		ACBC3F981B9EC9D7007AC186 /* Debug */ = {
			isa = XCBuildConfiguration;
			buildSettings = {
				BUNDLE_LOADER = "$(TEST_HOST)";
				INFOPLIST_FILE = PolygrathTests/Info.plist;
				LD_RUNPATH_SEARCH_PATHS = "$(inherited) @executable_path/Frameworks @loader_path/Frameworks";
				PRODUCT_BUNDLE_IDENTIFIER = Morpheus.PolygrathTests;
				PRODUCT_NAME = "$(TARGET_NAME)";
				TEST_HOST = "$(BUILT_PRODUCTS_DIR)/Polygrath.app/Polygrath";
			};
			name = Debug;
		};
		ACBC3F991B9EC9D7007AC186 /* Release */ = {
			isa = XCBuildConfiguration;
			buildSettings = {
				BUNDLE_LOADER = "$(TEST_HOST)";
				INFOPLIST_FILE = PolygrathTests/Info.plist;
				LD_RUNPATH_SEARCH_PATHS = "$(inherited) @executable_path/Frameworks @loader_path/Frameworks";
				PRODUCT_BUNDLE_IDENTIFIER = Morpheus.PolygrathTests;
				PRODUCT_NAME = "$(TARGET_NAME)";
				TEST_HOST = "$(BUILT_PRODUCTS_DIR)/Polygrath.app/Polygrath";
			};
			name = Release;
		};
		ACBC3F9B1B9EC9D7007AC186 /* Debug */ = {
			isa = XCBuildConfiguration;
			buildSettings = {
				INFOPLIST_FILE = PolygrathUITests/Info.plist;
				LD_RUNPATH_SEARCH_PATHS = "$(inherited) @executable_path/Frameworks @loader_path/Frameworks";
				PRODUCT_BUNDLE_IDENTIFIER = Morpheus.PolygrathUITests;
				PRODUCT_NAME = "$(TARGET_NAME)";
				TEST_TARGET_NAME = Polygrath;
				USES_XCTRUNNER = YES;
			};
			name = Debug;
		};
		ACBC3F9C1B9EC9D7007AC186 /* Release */ = {
			isa = XCBuildConfiguration;
			buildSettings = {
				INFOPLIST_FILE = PolygrathUITests/Info.plist;
				LD_RUNPATH_SEARCH_PATHS = "$(inherited) @executable_path/Frameworks @loader_path/Frameworks";
				PRODUCT_BUNDLE_IDENTIFIER = Morpheus.PolygrathUITests;
				PRODUCT_NAME = "$(TARGET_NAME)";
				TEST_TARGET_NAME = Polygrath;
				USES_XCTRUNNER = YES;
			};
			name = Release;
		};
		ACBC3FBA1B9ECA2B007AC186 /* Debug */ = {
			isa = XCBuildConfiguration;
			buildSettings = {
				ASSETCATALOG_COMPILER_APPICON_NAME = AppIcon;
				CODE_SIGN_ENTITLEMENTS = "Polygrath-iWatch/Polygrath-iWatch.entitlements";
				CODE_SIGN_IDENTITY = "iPhone Developer";
				"CODE_SIGN_IDENTITY[sdk=watchos*]" = "iPhone Developer";
				EMBEDDED_CONTENT_CONTAINS_SWIFT = YES;
				IBSC_MODULE = Polygrath_iWatch_Extension;
				INFOPLIST_FILE = "Polygrath-iWatch/Info.plist";
				PRODUCT_BUNDLE_IDENTIFIER = Morpheus.Polygrath.watchkitapp;
				PRODUCT_NAME = "$(TARGET_NAME)";
				PROVISIONING_PROFILE = "";
				SDKROOT = watchos;
				SKIP_INSTALL = YES;
				TARGETED_DEVICE_FAMILY = 4;
				WATCHOS_DEPLOYMENT_TARGET = 2.0;
			};
			name = Debug;
		};
		ACBC3FBB1B9ECA2B007AC186 /* Release */ = {
			isa = XCBuildConfiguration;
			buildSettings = {
				ASSETCATALOG_COMPILER_APPICON_NAME = AppIcon;
				CODE_SIGN_ENTITLEMENTS = "Polygrath-iWatch/Polygrath-iWatch.entitlements";
				CODE_SIGN_IDENTITY = "iPhone Developer";
				"CODE_SIGN_IDENTITY[sdk=watchos*]" = "iPhone Developer";
				EMBEDDED_CONTENT_CONTAINS_SWIFT = YES;
				IBSC_MODULE = Polygrath_iWatch_Extension;
				INFOPLIST_FILE = "Polygrath-iWatch/Info.plist";
				PRODUCT_BUNDLE_IDENTIFIER = Morpheus.Polygrath.watchkitapp;
				PRODUCT_NAME = "$(TARGET_NAME)";
				PROVISIONING_PROFILE = "";
				SDKROOT = watchos;
				SKIP_INSTALL = YES;
				TARGETED_DEVICE_FAMILY = 4;
				WATCHOS_DEPLOYMENT_TARGET = 2.0;
			};
			name = Release;
		};
		ACBC3FBC1B9ECA2B007AC186 /* Debug */ = {
			isa = XCBuildConfiguration;
			buildSettings = {
				CODE_SIGN_ENTITLEMENTS = "Polygrath-iWatch Extension/Polygrath-iWatch Extension.entitlements";
				CODE_SIGN_IDENTITY = "iPhone Developer";
				"CODE_SIGN_IDENTITY[sdk=watchos*]" = "iPhone Developer";
				INFOPLIST_FILE = "Polygrath-iWatch Extension/Info.plist";
				LD_RUNPATH_SEARCH_PATHS = "$(inherited) @executable_path/Frameworks @executable_path/../../Frameworks";
				PRODUCT_BUNDLE_IDENTIFIER = Morpheus.Polygrath.watchkitapp.watchkitextension;
				PRODUCT_NAME = "${TARGET_NAME}";
				PROVISIONING_PROFILE = "";
				SDKROOT = watchos;
				SKIP_INSTALL = YES;
				TARGETED_DEVICE_FAMILY = 4;
				WATCHOS_DEPLOYMENT_TARGET = 2.0;
			};
			name = Debug;
		};
		ACBC3FBD1B9ECA2B007AC186 /* Release */ = {
			isa = XCBuildConfiguration;
			buildSettings = {
				CODE_SIGN_ENTITLEMENTS = "Polygrath-iWatch Extension/Polygrath-iWatch Extension.entitlements";
				CODE_SIGN_IDENTITY = "iPhone Developer";
				"CODE_SIGN_IDENTITY[sdk=watchos*]" = "iPhone Developer";
				INFOPLIST_FILE = "Polygrath-iWatch Extension/Info.plist";
				LD_RUNPATH_SEARCH_PATHS = "$(inherited) @executable_path/Frameworks @executable_path/../../Frameworks";
				PRODUCT_BUNDLE_IDENTIFIER = Morpheus.Polygrath.watchkitapp.watchkitextension;
				PRODUCT_NAME = "${TARGET_NAME}";
				PROVISIONING_PROFILE = "";
				SDKROOT = watchos;
				SKIP_INSTALL = YES;
				TARGETED_DEVICE_FAMILY = 4;
				WATCHOS_DEPLOYMENT_TARGET = 2.0;
			};
			name = Release;
		};
/* End XCBuildConfiguration section */

/* Begin XCConfigurationList section */
		ACBC3F641B9EC9D7007AC186 /* Build configuration list for PBXProject "Polygrath" */ = {
			isa = XCConfigurationList;
			buildConfigurations = (
				ACBC3F921B9EC9D7007AC186 /* Debug */,
				ACBC3F931B9EC9D7007AC186 /* Release */,
			);
			defaultConfigurationIsVisible = 0;
			defaultConfigurationName = Release;
		};
		ACBC3F941B9EC9D7007AC186 /* Build configuration list for PBXNativeTarget "Polygrath" */ = {
			isa = XCConfigurationList;
			buildConfigurations = (
				ACBC3F951B9EC9D7007AC186 /* Debug */,
				ACBC3F961B9EC9D7007AC186 /* Release */,
			);
			defaultConfigurationIsVisible = 0;
			defaultConfigurationName = Release;
		};
		ACBC3F971B9EC9D7007AC186 /* Build configuration list for PBXNativeTarget "PolygrathTests" */ = {
			isa = XCConfigurationList;
			buildConfigurations = (
				ACBC3F981B9EC9D7007AC186 /* Debug */,
				ACBC3F991B9EC9D7007AC186 /* Release */,
			);
			defaultConfigurationIsVisible = 0;
			defaultConfigurationName = Release;
		};
		ACBC3F9A1B9EC9D7007AC186 /* Build configuration list for PBXNativeTarget "PolygrathUITests" */ = {
			isa = XCConfigurationList;
			buildConfigurations = (
				ACBC3F9B1B9EC9D7007AC186 /* Debug */,
				ACBC3F9C1B9EC9D7007AC186 /* Release */,
			);
			defaultConfigurationIsVisible = 0;
			defaultConfigurationName = Release;
		};
		ACBC3FBE1B9ECA2B007AC186 /* Build configuration list for PBXNativeTarget "Polygrath-iWatch Extension" */ = {
			isa = XCConfigurationList;
			buildConfigurations = (
				ACBC3FBC1B9ECA2B007AC186 /* Debug */,
				ACBC3FBD1B9ECA2B007AC186 /* Release */,
			);
			defaultConfigurationIsVisible = 0;
			defaultConfigurationName = Release;
		};
		ACBC3FC01B9ECA2B007AC186 /* Build configuration list for PBXNativeTarget "Polygrath-iWatch" */ = {
			isa = XCConfigurationList;
			buildConfigurations = (
				ACBC3FBA1B9ECA2B007AC186 /* Debug */,
				ACBC3FBB1B9ECA2B007AC186 /* Release */,
			);
			defaultConfigurationIsVisible = 0;
			defaultConfigurationName = Release;
		};
/* End XCConfigurationList section */

/* Begin XCVersionGroup section */
		ACBC3F731B9EC9D7007AC186 /* Polygrath.xcdatamodeld */ = {
			isa = XCVersionGroup;
			children = (
				ACBC3F741B9EC9D7007AC186 /* Polygrath.xcdatamodel */,
			);
			currentVersion = ACBC3F741B9EC9D7007AC186 /* Polygrath.xcdatamodel */;
			path = Polygrath.xcdatamodeld;
			sourceTree = "<group>";
			versionGroupType = wrapper.xcdatamodel;
		};
/* End XCVersionGroup section */
	};
	rootObject = ACBC3F611B9EC9D7007AC186 /* Project object */;
}
